
Microsoft Visual Studio Solution File, Format Version 12.00
Project("{FAE04EC0-301F-11D3-BF4B-00C04F79EFBC}") = "mini-shop-backend-net", "mini-shop-backend-net\mini-shop-backend-net.csproj", "{D7357F1D-50B1-4489-B858-2EE4A32004EA}"
EndProject
Project("{2150E333-8FDC-42A3-9474-1A3956D46DE8}") = "Solution Items", "Solution Items", "{FA8D3790-7B78-431B-884B-F459F7CAD7E0}"
	ProjectSection(SolutionItems) = preProject
		compose.yaml = compose.yaml
	EndProjectSection
EndProject
Global
	GlobalSection(SolutionConfigurationPlatforms) = preSolution
		Debug|Any CPU = Debug|Any CPU
		Release|Any CPU = Release|Any CPU
	EndGlobalSection
	GlobalSection(ProjectConfigurationPlatforms) = postSolution
		{D7357F1D-50B1-4489-B858-2EE4A32004EA}.Debug|Any CPU.ActiveCfg = Debug|Any CPU
		{D7357F1D-50B1-4489-B858-2EE4A32004EA}.Debug|Any CPU.Build.0 = Debug|Any CPU
		{D7357F1D-50B1-4489-B858-2EE4A32004EA}.Release|Any CPU.ActiveCfg = Release|Any CPU
		{D7357F1D-50B1-4489-B858-2EE4A32004EA}.Release|Any CPU.Build.0 = Release|Any CPU
	EndGlobalSection
EndGlobal
